github.com/davecgh/go-spew v1.1.0 h1:ZDRjVQ15GmhC3fiQ8ni8+OwkZQO4DARzQgrnXU1Liz8=
github.com/davecgh/go-spew v1.1.0/go.mod h1:J7Y8YcW2NihsgmVo/mv3lAwl/skON4iLHjSsI+c5H38=
github.com/jtr109/lcutils v0.0.0-20211027074842-feeed18d8749 h1:jkfCIA2X1WgDsnQK4IHwI1q6CJmjGexqoSC7wGYQTIc=
github.com/jtr109/lcutils v0.0.0-20211027074842-feeed18d8749/go.mod h1:SMwas/HstEDHyp6vk5HhYj8ROGui6uhH6tDh/P8UHOs=
github.com/jtr109/lcutils v1.0.1 h1:KFZ9lyuklNS/U0I4ghiUe0/RqYGAyzjrgG8gNdxG14Q=
github.com/jtr109/lcutils v1.0.1/go.mod h1:SMwas/HstEDHyp6vk5HhYj8ROGui6uhH6tDh/P8UHOs=
github.com/jtr109/lcutils v1.0.2 h1:ETuZ+mpBPeRGMbwWJHRyAQ8KdMksHlNLnx44hk1oZQ8=
github.com/jtr109/lcutils v1.0.2/go.mod h1:hzQAkf1kgYQhtIdO3CuArK+ezpKBSKNKknuvAoYFI60=
github.com/jtr109/lcutils v1.0.3 h1:iZPsMUy1RaoIpQYuZHbeBYCO3A2PqktaRuEbCbZRSec=
github.com/jtr109/lcutils v1.0.3/go.mod h1:hzQAkf1kgYQhtIdO3CuArK+ezpKBSKNKknuvAoYFI60=
github.com/jtr109/lcutils v1.0.4 h1:StTaC5A+Q+BqTJTKOXWTLC9PLRCDEfA3i4wGSghiPOk=
github.com/jtr109/lcutils v1.0.4/go.mod h1:hzQAkf1kgYQhtIdO3CuArK+ezpKBSKNKknuvAoYFI60=
github.com/jtr109/lcutils v1.0.5 h1:CDUZfVCe0hZ6nHtH2ESakuDuCM9X/9eT+GE4qX+KAV8=
github.com/jtr109/lcutils v1.0.5/go.mod h1:hzQAkf1kgYQhtIdO3CuArK+ezpKBSKNKknuvAoYFI60=
github.com/jtr109/lcutils v1.0.6 h1:Jw6TQp8RKBcysUNx0UifSJRFs17OkAwLepLsT/oHCSo=
github.com/jtr109/lcutils v1.0.6/go.mod h1:hzQAkf1kgYQhtIdO3CuArK+ezpKBSKNKknuvAoYFI60=
github.com/jtr109/lcutils v1.0.7 h1:u+fNvfWrK0Ky8vvoD6zYvDrcJTp3Cn0iBDE4cmJsilE=
github.com/jtr109/lcutils v1.0.7/go.mod h1:hzQAkf1kgYQhtIdO3CuArK+ezpKBSKNKknuvAoYFI60=
github.com/pmezard/go-difflib v1.0.0 h1:4DBwDE0NGyQoBHbLQYPwSUPoCMWR5BEzIk/f1lZbAQM=
github.com/pmezard/go-difflib v1.0.0/go.mod h1:iKH77koFhYxTK1pcRnkKkqfTogsbg7gZNVY4sRDYZ/4=
github.com/stretchr/objx v0.1.0/go.mod h1:HFkY916IF+rwdDfMAkV7OtwuqBVzrE8GR6GFx+wExME=
github.com/stretchr/testify v1.7.0 h1:nwc3DEeHmmLAfoZucVR881uASk0Mfjw8xYJ99tb5CcY=
github.com/stretchr/testify v1.7.0/go.mod h1:6Fq8oRcR53rry900zMqJjRRixrwX3KX962/h/Wwjteg=
gopkg.in/check.v1 v0.0.0-20161208181325-20d25e280405 h1:yhCVgyC4o1eVCa2tZl7eS0r+SDo693bJlVdllGtEeKM=
gopkg.in/check.v1 v0.0.0-20161208181325-20d25e280405/go.mod h1:Co6ibVJAznAaIkqp8huTwlJQCZ016jof/cbN4VW5Yz0=
gopkg.in/yaml.v3 v3.0.0-20200313102051-9f266ea9e77c h1:dUUwHk2QECo/6vqA44rthZ8ie2QXMNeKRTHCNY2nXvo=
gopkg.in/yaml.v3 v3.0.0-20200313102051-9f266ea9e77c/go.mod h1:K4uyk7z7BCEPqu6E+C64Yfv1cQ7kz7rIZviUmN+EgEM=
